{
  "version": 4,
  "terraform_version": "1.14.8",
  "serial": 6,
  "lineage": "faeba298-f177-d89f-72c9-73ea9a084fb7",
  "outputs": {
    "master_ip": {
      "value": "89.169.158.86",
      "type": "string"
    },
    "worker_ips": {
      "value": [
        "111.88.250.38",
        "111.88.154.198",
        "178.154.209.57"
      ],
      "type": [
        "tuple",
        [
          "string",
          "string",
          "string"
        ]
      ]
    }
  },
  "resources": [
    {
      "mode": "data",
      "type": "yandex_vpc_network",
      "name": "main",
      "provider": "provider[\"registry.terraform.io/yandex-cloud/yandex\"]",
      "instances": [
        {
          "schema_version": 0,
          "attributes": {
            "created_at": "2026-04-11T18:45:19Z",
            "default_security_group_id": "enp35ohhgagljqniepqf",
            "description": "",
            "folder_id": "b1gdnpvq6er9m68uor02",
            "id": "enp56m2tcvao5po4pf3a",
            "labels": {},
            "name": "main-network",
            "network_id": "enp56m2tcvao5po4pf3a",
            "subnet_ids": [
              "e2lipfaoqv78i8fuje1b",
              "e9bethuis6g83tk8u9u0",
              "fl8sr1bcu0phroddt1i6"
            ]
          },
          "sensitive_attributes": [],
          "identity_schema_version": 0
        }
      ]
    },
    {
      "mode": "data",
      "type": "yandex_vpc_subnet",
      "name": "a",
      "provider": "provider[\"registry.terraform.io/yandex-cloud/yandex\"]",
      "instances": [
        {
          "schema_version": 0,
          "attributes": {
            "created_at": "2026-04-11T18:45:22Z",
            "description": "",
            "dhcp_options": [],
            "folder_id": "b1gdnpvq6er9m68uor02",
            "id": "e9bethuis6g83tk8u9u0",
            "labels": {},
            "name": "subnet-a",
            "network_id": "enp56m2tcvao5po4pf3a",
            "route_table_id": "",
            "subnet_id": "e9bethuis6g83tk8u9u0",
            "v4_cidr_blocks": [
              "10.10.0.0/24"
            ],
            "v6_cidr_blocks": [],
            "zone": "ru-central1-a"
          },
          "sensitive_attributes": [],
          "identity_schema_version": 0
        }
      ]
    },
    {
      "mode": "data",
      "type": "yandex_vpc_subnet",
      "name": "b",
      "provider": "provider[\"registry.terraform.io/yandex-cloud/yandex\"]",
      "instances": [
        {
          "schema_version": 0,
          "attributes": {
            "created_at": "2026-04-11T18:45:21Z",
            "description": "",
            "dhcp_options": [],
            "folder_id": "b1gdnpvq6er9m68uor02",
            "id": "e2lipfaoqv78i8fuje1b",
            "labels": {},
            "name": "subnet-b",
            "network_id": "enp56m2tcvao5po4pf3a",
            "route_table_id": "",
            "subnet_id": "e2lipfaoqv78i8fuje1b",
            "v4_cidr_blocks": [
              "10.20.0.0/24"
            ],
            "v6_cidr_blocks": [],
            "zone": "ru-central1-b"
          },
          "sensitive_attributes": [],
          "identity_schema_version": 0
        }
      ]
    },
    {
      "mode": "data",
      "type": "yandex_vpc_subnet",
      "name": "c",
      "provider": "provider[\"registry.terraform.io/yandex-cloud/yandex\"]",
      "instances": [
        {
          "schema_version": 0,
          "attributes": {
            "created_at": "2026-04-11T18:45:22Z",
            "description": "",
            "dhcp_options": [],
            "folder_id": "b1gdnpvq6er9m68uor02",
            "id": "fl8sr1bcu0phroddt1i6",
            "labels": {},
            "name": "subnet-c",
            "network_id": "enp56m2tcvao5po4pf3a",
            "route_table_id": "",
            "subnet_id": "fl8sr1bcu0phroddt1i6",
            "v4_cidr_blocks": [
              "10.30.0.0/24"
            ],
            "v6_cidr_blocks": [],
            "zone": "ru-central1-d"
          },
          "sensitive_attributes": [],
          "identity_schema_version": 0
        }
      ]
    },
    {
      "mode": "managed",
      "type": "yandex_compute_instance",
      "name": "master",
      "provider": "provider[\"registry.terraform.io/yandex-cloud/yandex\"]",
      "instances": [
        {
          "schema_version": 1,
          "attributes": {
            "allow_recreate": null,
            "allow_stopping_for_update": null,
            "boot_disk": [
              {
                "auto_delete": true,
                "device_name": "fhmu3v2jo8n11jofgnum",
                "disk_id": "fhmu3v2jo8n11jofgnum",
                "initialize_params": [
                  {
                    "block_size": 4096,
                    "description": "",
                    "image_id": "fd84gfv9gc2h87jilum1",
                    "kms_key_id": "",
                    "name": "",
                    "size": 20,
                    "snapshot_id": "",
                    "type": "network-hdd"
                  }
                ],
                "mode": "READ_WRITE"
              }
            ],
            "created_at": "2026-04-11T18:53:01Z",
            "description": "",
            "filesystem": [],
            "folder_id": "b1gdnpvq6er9m68uor02",
            "fqdn": "fhmp4lai64b4ig63fd6b.auto.internal",
            "gpu_cluster_id": "",
            "hardware_generation": [
              {
                "generation2_features": [],
                "legacy_features": [
                  {
                    "pci_topology": "PCI_TOPOLOGY_V1"
                  }
                ]
              }
            ],
            "hostname": "",
            "id": "fhmp4lai64b4ig63fd6b",
            "labels": null,
            "local_disk": [],
            "maintenance_grace_period": "",
            "maintenance_policy": null,
            "metadata": {
              "ssh-keys": "ubuntu:ssh-rsa AAAAB3NzaC1yc2EAAAADAQABAAABAQC4sEHsD8WAuoTAV26mTciEd6aAuYMEX4vw/4z6i/u4Z0yoBwZ18GtlxY+IiJK4u5+9tgZQZk2V3C/3ZBAKuRrHFgQcxUaf00JMw0iNXTE8/pbseriZH80vlWJrqBfpytCHEslKOgED5gham+y2zu/LtvkmWAQGaILIqRkYba9MaWTEIuoAX7wpBaxFdVLABTGElcZXy8fk0Zz5uUpuB1N2z+amFw4X2KkYOJEaxJBruvZKvFZ189SKb2ktHRkTXQ7NYV89r1yPfnQkYSjioVxEk0qScw+M/6d+gA+siD4hoESQ8eNr5Ki9hW3QCHhtVbiJ1NJq14NbksBE0/2ixNax vm@BASE\n"
            },
            "metadata_options": [
              {
                "aws_v1_http_endpoint": 1,
                "aws_v1_http_token": 2,
                "gce_http_endpoint": 1,
                "gce_http_token": 1
              }
            ],
            "name": "master",
            "network_acceleration_type": "standard",
            "network_interface": [
              {
                "dns_record": [],
                "index": 0,
                "ip_address": "10.10.0.18",
                "ipv4": true,
                "ipv6": false,
                "ipv6_address": "",
                "ipv6_dns_record": [],
                "mac_address": "d0:0d:19:25:55:23",
                "nat": true,
                "nat_dns_record": [],
                "nat_ip_address": "89.169.158.86",
                "nat_ip_version": "IPV4",
                "security_group_ids": [
                  "enphdsnt7odu7l3g7ocv"
                ],
                "subnet_id": "e9bethuis6g83tk8u9u0"
              }
            ],
            "placement_policy": [
              {
                "host_affinity_rules": [],
                "placement_group_id": "",
                "placement_group_partition": 0
              }
            ],
            "platform_id": "standard-v3",
            "resources": [
              {
                "core_fraction": 100,
                "cores": 2,
                "gpus": 0,
                "memory": 4
              }
            ],
            "scheduling_policy": [
              {
                "preemptible": true
              }
            ],
            "secondary_disk": [],
            "service_account_id": "",
            "status": "running",
            "timeouts": null,
            "zone": "ru-central1-a"
          },
          "sensitive_attributes": [],
          "identity_schema_version": 0,
          "private": "eyJlMmJmYjczMC1lY2FhLTExZTYtOGY4OC0zNDM2M2JjN2M0YzAiOnsiY3JlYXRlIjozMDAwMDAwMDAwMDAsImRlbGV0ZSI6MzAwMDAwMDAwMDAwLCJ1cGRhdGUiOjMwMDAwMDAwMDAwMH0sInNjaGVtYV92ZXJzaW9uIjoiMSJ9",
          "dependencies": [
            "data.yandex_vpc_network.main",
            "data.yandex_vpc_subnet.a",
            "yandex_vpc_security_group.k8s"
          ]
        }
      ]
    },
    {
      "mode": "managed",
      "type": "yandex_compute_instance",
      "name": "node1",
      "provider": "provider[\"registry.terraform.io/yandex-cloud/yandex\"]",
      "instances": [
        {
          "schema_version": 1,
          "attributes": {
            "allow_recreate": null,
            "allow_stopping_for_update": null,
            "boot_disk": [
              {
                "auto_delete": true,
                "device_name": "fhm7olb6d5tbv727vna8",
                "disk_id": "fhm7olb6d5tbv727vna8",
                "initialize_params": [
                  {
                    "block_size": 4096,
                    "description": "",
                    "image_id": "fd84gfv9gc2h87jilum1",
                    "kms_key_id": "",
                    "name": "",
                    "size": 20,
                    "snapshot_id": "",
                    "type": "network-hdd"
                  }
                ],
                "mode": "READ_WRITE"
              }
            ],
            "created_at": "2026-04-11T18:53:01Z",
            "description": "",
            "filesystem": [],
            "folder_id": "b1gdnpvq6er9m68uor02",
            "fqdn": "fhmnuqkmna6o8a8c4o9v.auto.internal",
            "gpu_cluster_id": "",
            "hardware_generation": [
              {
                "generation2_features": [],
                "legacy_features": [
                  {
                    "pci_topology": "PCI_TOPOLOGY_V1"
                  }
                ]
              }
            ],
            "hostname": "",
            "id": "fhmnuqkmna6o8a8c4o9v",
            "labels": null,
            "local_disk": [],
            "maintenance_grace_period": "",
            "maintenance_policy": null,
            "metadata": {
              "ssh-keys": "ubuntu:ssh-rsa AAAAB3NzaC1yc2EAAAADAQABAAABAQC4sEHsD8WAuoTAV26mTciEd6aAuYMEX4vw/4z6i/u4Z0yoBwZ18GtlxY+IiJK4u5+9tgZQZk2V3C/3ZBAKuRrHFgQcxUaf00JMw0iNXTE8/pbseriZH80vlWJrqBfpytCHEslKOgED5gham+y2zu/LtvkmWAQGaILIqRkYba9MaWTEIuoAX7wpBaxFdVLABTGElcZXy8fk0Zz5uUpuB1N2z+amFw4X2KkYOJEaxJBruvZKvFZ189SKb2ktHRkTXQ7NYV89r1yPfnQkYSjioVxEk0qScw+M/6d+gA+siD4hoESQ8eNr5Ki9hW3QCHhtVbiJ1NJq14NbksBE0/2ixNax vm@BASE\n"
            },
            "metadata_options": [
              {
                "aws_v1_http_endpoint": 1,
                "aws_v1_http_token": 2,
                "gce_http_endpoint": 1,
                "gce_http_token": 1
              }
            ],
            "name": "node1",
            "network_acceleration_type": "standard",
            "network_interface": [
              {
                "dns_record": [],
                "index": 0,
                "ip_address": "10.10.0.19",
                "ipv4": true,
                "ipv6": false,
                "ipv6_address": "",
                "ipv6_dns_record": [],
                "mac_address": "d0:0d:17:f6:a9:6b",
                "nat": true,
                "nat_dns_record": [],
                "nat_ip_address": "111.88.250.38",
                "nat_ip_version": "IPV4",
                "security_group_ids": [
                  "enphdsnt7odu7l3g7ocv"
                ],
                "subnet_id": "e9bethuis6g83tk8u9u0"
              }
            ],
            "placement_policy": [
              {
                "host_affinity_rules": [],
                "placement_group_id": "",
                "placement_group_partition": 0
              }
            ],
            "platform_id": "standard-v3",
            "resources": [
              {
                "core_fraction": 100,
                "cores": 2,
                "gpus": 0,
                "memory": 4
              }
            ],
            "scheduling_policy": [
              {
                "preemptible": true
              }
            ],
            "secondary_disk": [],
            "service_account_id": "",
            "status": "running",
            "timeouts": null,
            "zone": "ru-central1-a"
          },
          "sensitive_attributes": [],
          "identity_schema_version": 0,
          "private": "eyJlMmJmYjczMC1lY2FhLTExZTYtOGY4OC0zNDM2M2JjN2M0YzAiOnsiY3JlYXRlIjozMDAwMDAwMDAwMDAsImRlbGV0ZSI6MzAwMDAwMDAwMDAwLCJ1cGRhdGUiOjMwMDAwMDAwMDAwMH0sInNjaGVtYV92ZXJzaW9uIjoiMSJ9",
          "dependencies": [
            "data.yandex_vpc_network.main",
            "data.yandex_vpc_subnet.a",
            "yandex_vpc_security_group.k8s"
          ]
        }
      ]
    },
    {
      "mode": "managed",
      "type": "yandex_compute_instance",
      "name": "node2",
      "provider": "provider[\"registry.terraform.io/yandex-cloud/yandex\"]",
      "instances": [
        {
          "schema_version": 1,
          "attributes": {
            "allow_recreate": null,
            "allow_stopping_for_update": null,
            "boot_disk": [
              {
                "auto_delete": true,
                "device_name": "epdi5fn20cn9jkf4b0cr",
                "disk_id": "epdi5fn20cn9jkf4b0cr",
                "initialize_params": [
                  {
                    "block_size": 4096,
                    "description": "",
                    "image_id": "fd84gfv9gc2h87jilum1",
                    "kms_key_id": "",
                    "name": "",
                    "size": 20,
                    "snapshot_id": "",
                    "type": "network-hdd"
                  }
                ],
                "mode": "READ_WRITE"
              }
            ],
            "created_at": "2026-04-11T18:53:01Z",
            "description": "",
            "filesystem": [],
            "folder_id": "b1gdnpvq6er9m68uor02",
            "fqdn": "epdj60pd8g5viu0i0p8u.auto.internal",
            "gpu_cluster_id": "",
            "hardware_generation": [
              {
                "generation2_features": [],
                "legacy_features": [
                  {
                    "pci_topology": "PCI_TOPOLOGY_V1"
                  }
                ]
              }
            ],
            "hostname": "",
            "id": "epdj60pd8g5viu0i0p8u",
            "labels": null,
            "local_disk": [],
            "maintenance_grace_period": "",
            "maintenance_policy": null,
            "metadata": {
              "ssh-keys": "ubuntu:ssh-rsa AAAAB3NzaC1yc2EAAAADAQABAAABAQC4sEHsD8WAuoTAV26mTciEd6aAuYMEX4vw/4z6i/u4Z0yoBwZ18GtlxY+IiJK4u5+9tgZQZk2V3C/3ZBAKuRrHFgQcxUaf00JMw0iNXTE8/pbseriZH80vlWJrqBfpytCHEslKOgED5gham+y2zu/LtvkmWAQGaILIqRkYba9MaWTEIuoAX7wpBaxFdVLABTGElcZXy8fk0Zz5uUpuB1N2z+amFw4X2KkYOJEaxJBruvZKvFZ189SKb2ktHRkTXQ7NYV89r1yPfnQkYSjioVxEk0qScw+M/6d+gA+siD4hoESQ8eNr5Ki9hW3QCHhtVbiJ1NJq14NbksBE0/2ixNax vm@BASE\n"
            },
            "metadata_options": [
              {
                "aws_v1_http_endpoint": 1,
                "aws_v1_http_token": 2,
                "gce_http_endpoint": 1,
                "gce_http_token": 1
              }
            ],
            "name": "node2",
            "network_acceleration_type": "standard",
            "network_interface": [
              {
                "dns_record": [],
                "index": 0,
                "ip_address": "10.20.0.31",
                "ipv4": true,
                "ipv6": false,
                "ipv6_address": "",
                "ipv6_dns_record": [],
                "mac_address": "d0:0d:13:30:32:d4",
                "nat": true,
                "nat_dns_record": [],
                "nat_ip_address": "111.88.154.198",
                "nat_ip_version": "IPV4",
                "security_group_ids": [
                  "enphdsnt7odu7l3g7ocv"
                ],
                "subnet_id": "e2lipfaoqv78i8fuje1b"
              }
            ],
            "placement_policy": [
              {
                "host_affinity_rules": [],
                "placement_group_id": "",
                "placement_group_partition": 0
              }
            ],
            "platform_id": "standard-v3",
            "resources": [
              {
                "core_fraction": 100,
                "cores": 2,
                "gpus": 0,
                "memory": 4
              }
            ],
            "scheduling_policy": [
              {
                "preemptible": true
              }
            ],
            "secondary_disk": [],
            "service_account_id": "",
            "status": "running",
            "timeouts": null,
            "zone": "ru-central1-b"
          },
          "sensitive_attributes": [],
          "identity_schema_version": 0,
          "private": "eyJlMmJmYjczMC1lY2FhLTExZTYtOGY4OC0zNDM2M2JjN2M0YzAiOnsiY3JlYXRlIjozMDAwMDAwMDAwMDAsImRlbGV0ZSI6MzAwMDAwMDAwMDAwLCJ1cGRhdGUiOjMwMDAwMDAwMDAwMH0sInNjaGVtYV92ZXJzaW9uIjoiMSJ9",
          "dependencies": [
            "data.yandex_vpc_network.main",
            "data.yandex_vpc_subnet.b",
            "yandex_vpc_security_group.k8s"
          ]
        }
      ]
    },
    {
      "mode": "managed",
      "type": "yandex_compute_instance",
      "name": "node3",
      "provider": "provider[\"registry.terraform.io/yandex-cloud/yandex\"]",
      "instances": [
        {
          "schema_version": 1,
          "attributes": {
            "allow_recreate": null,
            "allow_stopping_for_update": null,
            "boot_disk": [
              {
                "auto_delete": true,
                "device_name": "fv4torah2kt2biuqpeu2",
                "disk_id": "fv4torah2kt2biuqpeu2",
                "initialize_params": [
                  {
                    "block_size": 4096,
                    "description": "",
                    "image_id": "fd84gfv9gc2h87jilum1",
                    "kms_key_id": "",
                    "name": "",
                    "size": 20,
                    "snapshot_id": "",
                    "type": "network-hdd"
                  }
                ],
                "mode": "READ_WRITE"
              }
            ],
            "created_at": "2026-04-11T18:53:01Z",
            "description": "",
            "filesystem": [],
            "folder_id": "b1gdnpvq6er9m68uor02",
            "fqdn": "fv4ofvip2t1qhcnd6hk8.auto.internal",
            "gpu_cluster_id": "",
            "hardware_generation": [
              {
                "generation2_features": [],
                "legacy_features": [
                  {
                    "pci_topology": "PCI_TOPOLOGY_V1"
                  }
                ]
              }
            ],
            "hostname": "",
            "id": "fv4ofvip2t1qhcnd6hk8",
            "labels": null,
            "local_disk": [],
            "maintenance_grace_period": "",
            "maintenance_policy": null,
            "metadata": {
              "ssh-keys": "ubuntu:ssh-rsa AAAAB3NzaC1yc2EAAAADAQABAAABAQC4sEHsD8WAuoTAV26mTciEd6aAuYMEX4vw/4z6i/u4Z0yoBwZ18GtlxY+IiJK4u5+9tgZQZk2V3C/3ZBAKuRrHFgQcxUaf00JMw0iNXTE8/pbseriZH80vlWJrqBfpytCHEslKOgED5gham+y2zu/LtvkmWAQGaILIqRkYba9MaWTEIuoAX7wpBaxFdVLABTGElcZXy8fk0Zz5uUpuB1N2z+amFw4X2KkYOJEaxJBruvZKvFZ189SKb2ktHRkTXQ7NYV89r1yPfnQkYSjioVxEk0qScw+M/6d+gA+siD4hoESQ8eNr5Ki9hW3QCHhtVbiJ1NJq14NbksBE0/2ixNax vm@BASE\n"
            },
            "metadata_options": [
              {
                "aws_v1_http_endpoint": 1,
                "aws_v1_http_token": 2,
                "gce_http_endpoint": 1,
                "gce_http_token": 1
              }
            ],
            "name": "node3",
            "network_acceleration_type": "standard",
            "network_interface": [
              {
                "dns_record": [],
                "index": 0,
                "ip_address": "10.30.0.7",
                "ipv4": true,
                "ipv6": false,
                "ipv6_address": "",
                "ipv6_dns_record": [],
                "mac_address": "d0:0d:18:7f:e5:91",
                "nat": true,
                "nat_dns_record": [],
                "nat_ip_address": "178.154.209.57",
                "nat_ip_version": "IPV4",
                "security_group_ids": [
                  "enphdsnt7odu7l3g7ocv"
                ],
                "subnet_id": "fl8sr1bcu0phroddt1i6"
              }
            ],
            "placement_policy": [
              {
                "host_affinity_rules": [],
                "placement_group_id": "",
                "placement_group_partition": 0
              }
            ],
            "platform_id": "standard-v3",
            "resources": [
              {
                "core_fraction": 100,
                "cores": 2,
                "gpus": 0,
                "memory": 4
              }
            ],
            "scheduling_policy": [
              {
                "preemptible": true
              }
            ],
            "secondary_disk": [],
            "service_account_id": "",
            "status": "running",
            "timeouts": null,
            "zone": "ru-central1-d"
          },
          "sensitive_attributes": [],
          "identity_schema_version": 0,
          "private": "eyJlMmJmYjczMC1lY2FhLTExZTYtOGY4OC0zNDM2M2JjN2M0YzAiOnsiY3JlYXRlIjozMDAwMDAwMDAwMDAsImRlbGV0ZSI6MzAwMDAwMDAwMDAwLCJ1cGRhdGUiOjMwMDAwMDAwMDAwMH0sInNjaGVtYV92ZXJzaW9uIjoiMSJ9",
          "dependencies": [
            "data.yandex_vpc_network.main",
            "data.yandex_vpc_subnet.c",
            "yandex_vpc_security_group.k8s"
          ]
        }
      ]
    },
    {
      "mode": "managed",
      "type": "yandex_vpc_security_group",
      "name": "k8s",
      "provider": "provider[\"registry.terraform.io/yandex-cloud/yandex\"]",
      "instances": [
        {
          "schema_version": 0,
          "attributes": {
            "created_at": "2026-04-11T18:53:00Z",
            "description": "",
            "egress": [
              {
                "description": "",
                "from_port": -1,
                "id": "enpeambvjn6na0afteqv",
                "labels": {},
                "port": -1,
                "predefined_target": "",
                "protocol": "ANY",
                "security_group_id": "",
                "to_port": -1,
                "v4_cidr_blocks": [
                  "0.0.0.0/0"
                ],
                "v6_cidr_blocks": []
              }
            ],
            "folder_id": "b1gdnpvq6er9m68uor02",
            "id": "enphdsnt7odu7l3g7ocv",
            "ingress": [
              {
                "description": "",
                "from_port": -1,
                "id": "enpfom1uqedraml82kb8",
                "labels": {},
                "port": 10250,
                "predefined_target": "",
                "protocol": "TCP",
                "security_group_id": "",
                "to_port": -1,
                "v4_cidr_blocks": [
                  "0.0.0.0/0"
                ],
                "v6_cidr_blocks": []
              },
              {
                "description": "",
                "from_port": -1,
                "id": "enpov1rntq4edkk9hqo4",
                "labels": {},
                "port": 6443,
                "predefined_target": "",
                "protocol": "TCP",
                "security_group_id": "",
                "to_port": -1,
                "v4_cidr_blocks": [
                  "0.0.0.0/0"
                ],
                "v6_cidr_blocks": []
              },
              {
                "description": "",
                "from_port": -1,
                "id": "enpt4r6dpdoq3qhm5onn",
                "labels": {},
                "port": 22,
                "predefined_target": "",
                "protocol": "TCP",
                "security_group_id": "",
                "to_port": -1,
                "v4_cidr_blocks": [
                  "0.0.0.0/0"
                ],
                "v6_cidr_blocks": []
              }
            ],
            "labels": {},
            "name": "k8s-sg",
            "network_id": "enp56m2tcvao5po4pf3a",
            "status": "ACTIVE",
            "timeouts": null
          },
          "sensitive_attributes": [],
          "identity_schema_version": 0,
          "private": "eyJlMmJmYjczMC1lY2FhLTExZTYtOGY4OC0zNDM2M2JjN2M0YzAiOnsiY3JlYXRlIjoxODAwMDAwMDAwMDAsImRlbGV0ZSI6MTgwMDAwMDAwMDAwLCJ1cGRhdGUiOjE4MDAwMDAwMDAwMH19",
          "dependencies": [
            "data.yandex_vpc_network.main"
          ]
        }
      ]
    }
  ],
  "check_results": null
}
